# THIS IS AN AUTOGENERATED FILE. DO NOT EDIT THIS FILE DIRECTLY.
# yarn lockfile v1


d3@3:
  version "3.5.17"
  resolved "https://registry.yarnpkg.com/d3/-/d3-3.5.17.tgz#bc46748004378b21a360c9fc7cf5231790762fb8"

lodash.defaultsdeep@^4.6.1:
  version "4.6.1"
  resolved "https://registry.yarnpkg.com/lodash.defaultsdeep/-/lodash.defaultsdeep-4.6.1.tgz#512e9bd721d272d94e3d3a63653fa17516741ca6"

lodash.groupby@^4.6.0:
  version "4.6.0"
  resolved "https://registry.yarnpkg.com/lodash.groupby/-/lodash.groupby-4.6.0.tgz#0b08a1dcf68397c397855c3239783832df7403d1"

lodash.inrange@^3.3.6:
  version "3.3.6"
  resolved "https://registry.yarnpkg.com/lodash.inrange/-/lodash.inrange-3.3.6.tgz#dfdfe915f6e30e8056293707e2395dab88ea128d"

lodash.uniqby@^4.7.0:
  version "4.7.0"
  resolved "https://registry.yarnpkg.com/lodash.uniqby/-/lodash.uniqby-4.7.0.tgz#d99c07a669e9e6d24e1362dfe266c67616af1302"

lodash.uniqueid@^4.0.1:
  version "4.0.1"
  resolved "https://registry.yarnpkg.com/lodash.uniqueid/-/lodash.uniqueid-4.0.1.tgz#3268f26a7c88e4f4b1758d679271814e31fa5b26"
